{
  "name": "gomunity-fe",
  "lockfileVersion": 2,
  "requires": true,
  "packages": {
    "": {
      "dependencies": {
        "@toast-ui/editor": "3.0"
      }
    },
    "node_modules/@toast-ui/editor": {
      "version": "3.0.3",
      "resolved": "https://registry.npmjs.org/@toast-ui/editor/-/editor-3.0.3.tgz",
      "integrity": "sha512-uU8FhUKsbW6nYSS+NrwqE7d/63JvezfmQ9xsRwIV9crLLyZ3K6a9/kT8XPIDcep2yKviybIDLeTEbXxuwBWvFQ==",
      "dependencies": {
        "prosemirror-commands": "^1.1.9",
        "prosemirror-history": "^1.1.3",
        "prosemirror-inputrules": "^1.1.3",
        "prosemirror-keymap": "^1.1.4",
        "prosemirror-model": "^1.14.1",
        "prosemirror-state": "^1.3.4",
        "prosemirror-view": "^1.18.7"
      }
    },
    "node_modules/orderedmap": {
      "version": "2.0.0",
      "resolved": "https://registry.npmjs.org/orderedmap/-/orderedmap-2.0.0.tgz",
      "integrity": "sha512-buf4PoAMlh45b8a8gsGy/X6w279TSqkyAS0C0wdTSJwFSU+ljQFJON5I8NfjLHoCXwpSROIo2wr0g33T+kQshQ=="
    },
    "node_modules/prosemirror-commands": {
      "version": "1.3.0",
      "resolved": "https://registry.npmjs.org/prosemirror-commands/-/prosemirror-commands-1.3.0.tgz",
      "integrity": "sha512-BwBbZ5OAScPcm0x7H8SPbqjuEJnCU2RJT9LDyOiiIl/3NbL1nJZI4SFNHwU2e/tRr2Xe7JsptpzseqvZvToLBQ==",
      "dependencies": {
        "prosemirror-model": "^1.0.0",
        "prosemirror-state": "^1.0.0",
        "prosemirror-transform": "^1.0.0"
      }
    },
    "node_modules/prosemirror-history": {
      "version": "1.3.0",
      "resolved": "https://registry.npmjs.org/prosemirror-history/-/prosemirror-history-1.3.0.tgz",
      "integrity": "sha512-qo/9Wn4B/Bq89/YD+eNWFbAytu6dmIM85EhID+fz9Jcl9+DfGEo8TTSrRhP15+fFEoaPqpHSxlvSzSEbmlxlUA==",
      "dependencies": {
        "prosemirror-state": "^1.2.2",
        "prosemirror-transform": "^1.0.0",
        "rope-sequence": "^1.3.0"
      }
    },
    "node_modules/prosemirror-inputrules": {
      "version": "1.2.0",
      "resolved": "https://registry.npmjs.org/prosemirror-inputrules/-/prosemirror-inputrules-1.2.0.tgz",
      "integrity": "sha512-eAW/M/NTSSzpCOxfR8Abw6OagdG0MiDAiWHQMQveIsZtoKVYzm0AflSPq/ymqJd56/Su1YPbwy9lM13wgHOFmQ==",
      "dependencies": {
        "prosemirror-state": "^1.0.0",
        "prosemirror-transform": "^1.0.0"
      }
    },
    "node_modules/prosemirror-keymap": {
      "version": "1.2.0",
      "resolved": "https://registry.npmjs.org/prosemirror-keymap/-/prosemirror-keymap-1.2.0.tgz",
      "integrity": "sha512-TdSfu+YyLDd54ufN/ZeD1VtBRYpgZnTPnnbY+4R08DDgs84KrIPEPbJL8t1Lm2dkljFx6xeBE26YWH3aIzkPKg==",
      "dependencies": {
        "prosemirror-state": "^1.0.0",
        "w3c-keyname": "^2.2.0"
      }
    },
    "node_modules/prosemirror-model": {
      "version": "1.18.1",
      "resolved": "https://registry.npmjs.org/prosemirror-model/-/prosemirror-model-1.18.1.tgz",
      "integrity": "sha512-IxSVBKAEMjD7s3n8cgtwMlxAXZrC7Mlag7zYsAKDndAqnDScvSmp/UdnRTV/B33lTCVU3CCm7dyAn/rVVD0mcw==",
      "dependencies": {
        "orderedmap": "^2.0.0"
      }
    },
    "node_modules/prosemirror-state": {
      "version": "1.4.1",
      "resolved": "https://registry.npmjs.org/prosemirror-state/-/prosemirror-state-1.4.1.tgz",
      "integrity": "sha512-U/LBDW2gNmVa07sz/D229XigSdDQ5CLFwVB1Vb32MJbAHHhWe/6pOc721faI17tqw4pZ49i1xfY/jEZ9tbIhPg==",
      "dependencies": {
        "prosemirror-model": "^1.0.0",
        "prosemirror-transform": "^1.0.0"
      }
    },
    "node_modules/prosemirror-transform": {
      "version": "1.6.0",
      "resolved": "https://registry.npmjs.org/prosemirror-transform/-/prosemirror-transform-1.6.0.tgz",
      "integrity": "sha512-MAp7AjsjEGEqQY0sSMufNIUuEyB1ZR9Fqlm8dTwwWwpEJRv/plsKjWXBbx52q3Ml8MtaMcd7ic14zAHVB3WaMw==",
      "dependencies": {
        "prosemirror-model": "^1.0.0"
      }
    },
    "node_modules/prosemirror-view": {
      "version": "1.27.0",
      "resolved": "https://registry.npmjs.org/prosemirror-view/-/prosemirror-view-1.27.0.tgz",
      "integrity": "sha512-yNCQW5eiPkrMgjOT5Xa/ItIvcM7JBG7ikZKaHo26hdBW5OLNnIWGZ0BV6/OiBk742teLybLVNPCpYUcW405Ckg==",
      "dependencies": {
        "prosemirror-model": "^1.16.0",
        "prosemirror-state": "^1.0.0",
        "prosemirror-transform": "^1.1.0"
      }
    },
    "node_modules/rope-sequence": {
      "version": "1.3.3",
      "resolved": "https://registry.npmjs.org/rope-sequence/-/rope-sequence-1.3.3.tgz",
      "integrity": "sha512-85aZYCxweiD5J8yTEbw+E6A27zSnLPNDL0WfPdw3YYodq7WjnTKo0q4dtyQ2gz23iPT8Q9CUyJtAaUNcTxRf5Q=="
    },
    "node_modules/w3c-keyname": {
      "version": "2.2.6",
      "resolved": "https://registry.npmjs.org/w3c-keyname/-/w3c-keyname-2.2.6.tgz",
      "integrity": "sha512-f+fciywl1SJEniZHD6H+kUO8gOnwIr7f4ijKA6+ZvJFjeGi1r4PDLl53Ayud9O/rk64RqgoQine0feoeOU0kXg=="
    }
  },
  "dependencies": {
    "@toast-ui/editor": {
      "version": "3.0.3",
      "resolved": "https://registry.npmjs.org/@toast-ui/editor/-/editor-3.0.3.tgz",
      "integrity": "sha512-uU8FhUKsbW6nYSS+NrwqE7d/63JvezfmQ9xsRwIV9crLLyZ3K6a9/kT8XPIDcep2yKviybIDLeTEbXxuwBWvFQ==",
      "requires": {
        "prosemirror-commands": "^1.1.9",
        "prosemirror-history": "^1.1.3",
        "prosemirror-inputrules": "^1.1.3",
        "prosemirror-keymap": "^1.1.4",
        "prosemirror-model": "^1.14.1",
        "prosemirror-state": "^1.3.4",
        "prosemirror-view": "^1.18.7"
      }
    },
    "orderedmap": {
      "version": "2.0.0",
      "resolved": "https://registry.npmjs.org/orderedmap/-/orderedmap-2.0.0.tgz",
      "integrity": "sha512-buf4PoAMlh45b8a8gsGy/X6w279TSqkyAS0C0wdTSJwFSU+ljQFJON5I8NfjLHoCXwpSROIo2wr0g33T+kQshQ=="
    },
    "prosemirror-commands": {
      "version": "1.3.0",
      "resolved": "https://registry.npmjs.org/prosemirror-commands/-/prosemirror-commands-1.3.0.tgz",
      "integrity": "sha512-BwBbZ5OAScPcm0x7H8SPbqjuEJnCU2RJT9LDyOiiIl/3NbL1nJZI4SFNHwU2e/tRr2Xe7JsptpzseqvZvToLBQ==",
      "requires": {
        "prosemirror-model": "^1.0.0",
        "prosemirror-state": "^1.0.0",
        "prosemirror-transform": "^1.0.0"
      }
    },
    "prosemirror-history": {
      "version": "1.3.0",
      "resolved": "https://registry.npmjs.org/prosemirror-history/-/prosemirror-history-1.3.0.tgz",
      "integrity": "sha512-qo/9Wn4B/Bq89/YD+eNWFbAytu6dmIM85EhID+fz9Jcl9+DfGEo8TTSrRhP15+fFEoaPqpHSxlvSzSEbmlxlUA==",
      "requires": {
        "prosemirror-state": "^1.2.2",
        "prosemirror-transform": "^1.0.0",
        "rope-sequence": "^1.3.0"
      }
    },
    "prosemirror-inputrules": {
      "version": "1.2.0",
      "resolved": "https://registry.npmjs.org/prosemirror-inputrules/-/prosemirror-inputrules-1.2.0.tgz",
      "integrity": "sha512-eAW/M/NTSSzpCOxfR8Abw6OagdG0MiDAiWHQMQveIsZtoKVYzm0AflSPq/ymqJd56/Su1YPbwy9lM13wgHOFmQ==",
      "requires": {
        "prosemirror-state": "^1.0.0",
        "prosemirror-transform": "^1.0.0"
      }
    },
    "prosemirror-keymap": {
      "version": "1.2.0",
      "resolved": "https://registry.npmjs.org/prosemirror-keymap/-/prosemirror-keymap-1.2.0.tgz",
      "integrity": "sha512-TdSfu+YyLDd54ufN/ZeD1VtBRYpgZnTPnnbY+4R08DDgs84KrIPEPbJL8t1Lm2dkljFx6xeBE26YWH3aIzkPKg==",
      "requires": {
        "prosemirror-state": "^1.0.0",
        "w3c-keyname": "^2.2.0"
      }
    },
    "prosemirror-model": {
      "version": "1.18.1",
      "resolved": "https://registry.npmjs.org/prosemirror-model/-/prosemirror-model-1.18.1.tgz",
      "integrity": "sha512-IxSVBKAEMjD7s3n8cgtwMlxAXZrC7Mlag7zYsAKDndAqnDScvSmp/UdnRTV/B33lTCVU3CCm7dyAn/rVVD0mcw==",
      "requires": {
        "orderedmap": "^2.0.0"
      }
    },
    "prosemirror-state": {
      "version": "1.4.1",
      "resolved": "https://registry.npmjs.org/prosemirror-state/-/prosemirror-state-1.4.1.tgz",
      "integrity": "sha512-U/LBDW2gNmVa07sz/D229XigSdDQ5CLFwVB1Vb32MJbAHHhWe/6pOc721faI17tqw4pZ49i1xfY/jEZ9tbIhPg==",
      "requires": {
        "prosemirror-model": "^1.0.0",
        "prosemirror-transform": "^1.0.0"
      }
    },
    "prosemirror-transform": {
      "version": "1.6.0",
      "resolved": "https://registry.npmjs.org/prosemirror-transform/-/prosemirror-transform-1.6.0.tgz",
      "integrity": "sha512-MAp7AjsjEGEqQY0sSMufNIUuEyB1ZR9Fqlm8dTwwWwpEJRv/plsKjWXBbx52q3Ml8MtaMcd7ic14zAHVB3WaMw==",
      "requires": {
        "prosemirror-model": "^1.0.0"
      }
    },
    "prosemirror-view": {
      "version": "1.27.0",
      "resolved": "https://registry.npmjs.org/prosemirror-view/-/prosemirror-view-1.27.0.tgz",
      "integrity": "sha512-yNCQW5eiPkrMgjOT5Xa/ItIvcM7JBG7ikZKaHo26hdBW5OLNnIWGZ0BV6/OiBk742teLybLVNPCpYUcW405Ckg==",
      "requires": {
        "prosemirror-model": "^1.16.0",
        "prosemirror-state": "^1.0.0",
        "prosemirror-transform": "^1.1.0"
      }
    },
    "rope-sequence": {
      "version": "1.3.3",
      "resolved": "https://registry.npmjs.org/rope-sequence/-/rope-sequence-1.3.3.tgz",
      "integrity": "sha512-85aZYCxweiD5J8yTEbw+E6A27zSnLPNDL0WfPdw3YYodq7WjnTKo0q4dtyQ2gz23iPT8Q9CUyJtAaUNcTxRf5Q=="
    },
    "w3c-keyname": {
      "version": "2.2.6",
      "resolved": "https://registry.npmjs.org/w3c-keyname/-/w3c-keyname-2.2.6.tgz",
      "integrity": "sha512-f+fciywl1SJEniZHD6H+kUO8gOnwIr7f4ijKA6+ZvJFjeGi1r4PDLl53Ayud9O/rk64RqgoQine0feoeOU0kXg=="
    }
  }
}
